
Microsoft Visual Studio Solution File, Format Version 12.00
# Visual Studio Version 17
VisualStudioVersion = 17.7.34031.279
MinimumVisualStudioVersion = 10.0.40219.1
Project("{9A19103F-16F7-4668-BE54-9A1E7A4F7556}") = "ScreenSoundAPI", "ScreenSoundAPI.csproj", "{4D13AF5D-CE44-429A-8147-84C88BC74544}"
EndProject
Project("{9A19103F-16F7-4668-BE54-9A1E7A4F7556}") = "Desafio", "..\Desafio_1\Desafio.csproj", "{DD1BBBEA-303B-47D1-B626-D0D1CF75E080}"
EndProject
Global
	GlobalSection(SolutionConfigurationPlatforms) = preSolution
		Debug|Any CPU = Debug|Any CPU
		Release|Any CPU = Release|Any CPU
	EndGlobalSection
	GlobalSection(ProjectConfigurationPlatforms) = postSolution
		{4D13AF5D-CE44-429A-8147-84C88BC74544}.Debug|Any CPU.ActiveCfg = Debug|Any CPU
		{4D13AF5D-CE44-429A-8147-84C88BC74544}.Debug|Any CPU.Build.0 = Debug|Any CPU
		{4D13AF5D-CE44-429A-8147-84C88BC74544}.Release|Any CPU.ActiveCfg = Release|Any CPU
		{4D13AF5D-CE44-429A-8147-84C88BC74544}.Release|Any CPU.Build.0 = Release|Any CPU
		{DD1BBBEA-303B-47D1-B626-D0D1CF75E080}.Debug|Any CPU.ActiveCfg = Debug|Any CPU
		{DD1BBBEA-303B-47D1-B626-D0D1CF75E080}.Debug|Any CPU.Build.0 = Debug|Any CPU
		{DD1BBBEA-303B-47D1-B626-D0D1CF75E080}.Release|Any CPU.ActiveCfg = Release|Any CPU
		{DD1BBBEA-303B-47D1-B626-D0D1CF75E080}.Release|Any CPU.Build.0 = Release|Any CPU
	EndGlobalSection
	GlobalSection(SolutionProperties) = preSolution
		HideSolutionNode = FALSE
	EndGlobalSection
	GlobalSection(ExtensibilityGlobals) = postSolution
		SolutionGuid = {16D03565-588C-48F3-9AA8-02AE049C6ED5}
	EndGlobalSection
EndGlobal
